// !$*UTF8*$!
{
	archiveVersion = 1;
	classes = {
	};
	objectVersion = 55;
	objects = {

/* Begin PBXBuildFile section */
		800F8043270B88A500A118F6 /* Double+Extension.swift in Sources */ = {isa = PBXBuildFile; fileRef = 800F8042270B88A500A118F6 /* Double+Extension.swift */; };
		800F8045270B8C4D00A118F6 /* SettingsTableViewController.swift in Sources */ = {isa = PBXBuildFile; fileRef = 800F8044270B8C4D00A118F6 /* SettingsTableViewController.swift */; };
		800F8047270B8CDE00A118F6 /* SettingsViewModel.swift in Sources */ = {isa = PBXBuildFile; fileRef = 800F8046270B8CDE00A118F6 /* SettingsViewModel.swift */; };
		801052D4271DD425007CC5A7 /* BindingTextField.swift in Sources */ = {isa = PBXBuildFile; fileRef = 801052D3271DD425007CC5A7 /* BindingTextField.swift */; };
		801052D6271DD7E6007CC5A7 /* AddCityViewModel.swift in Sources */ = {isa = PBXBuildFile; fileRef = 801052D5271DD7E6007CC5A7 /* AddCityViewModel.swift */; };
		8065A11426DEB64F00C55537 /* AppDelegate.swift in Sources */ = {isa = PBXBuildFile; fileRef = 8065A11326DEB64F00C55537 /* AppDelegate.swift */; };
		8065A11B26DEB64F00C55537 /* Main.storyboard in Resources */ = {isa = PBXBuildFile; fileRef = 8065A11926DEB64F00C55537 /* Main.storyboard */; };
		8065A11D26DEB65000C55537 /* Assets.xcassets in Resources */ = {isa = PBXBuildFile; fileRef = 8065A11C26DEB65000C55537 /* Assets.xcassets */; };
		8065A12026DEB65000C55537 /* LaunchScreen.storyboard in Resources */ = {isa = PBXBuildFile; fileRef = 8065A11E26DEB65000C55537 /* LaunchScreen.storyboard */; };
		808733F926E6A27E00683ADE /* WeatherTableViewController.swift in Sources */ = {isa = PBXBuildFile; fileRef = 808733F826E6A27E00683ADE /* WeatherTableViewController.swift */; };
		808733FB26E6A32A00683ADE /* AddCityViewController.swift in Sources */ = {isa = PBXBuildFile; fileRef = 808733FA26E6A32A00683ADE /* AddCityViewController.swift */; };
		808733FE26E6A64D00683ADE /* WeatherTableViewCell.swift in Sources */ = {isa = PBXBuildFile; fileRef = 808733FD26E6A64D00683ADE /* WeatherTableViewCell.swift */; };
		808A674F27077F250096B2AC /* Constants.swift in Sources */ = {isa = PBXBuildFile; fileRef = 808A674E27077F250096B2AC /* Constants.swift */; };
		808A675227077FD20096B2AC /* String+Extension.swift in Sources */ = {isa = PBXBuildFile; fileRef = 808A675127077FD20096B2AC /* String+Extension.swift */; };
		808A6754270783B70096B2AC /* WeatherListViewModel.swift in Sources */ = {isa = PBXBuildFile; fileRef = 808A6753270783B70096B2AC /* WeatherListViewModel.swift */; };
		8096C13D270721D20089E663 /* Weather.swift in Sources */ = {isa = PBXBuildFile; fileRef = 8096C13C270721D20089E663 /* Weather.swift */; };
		8096C140270724C40089E663 /* AddWeatherViewModel.swift in Sources */ = {isa = PBXBuildFile; fileRef = 8096C13F270724C40089E663 /* AddWeatherViewModel.swift */; };
		80ACD9C726F0BC72004393F0 /* WebService.swift in Sources */ = {isa = PBXBuildFile; fileRef = 80ACD9C626F0BC72004393F0 /* WebService.swift */; };
/* End PBXBuildFile section */

/* Begin PBXFileReference section */
		800F8042270B88A500A118F6 /* Double+Extension.swift */ = {isa = PBXFileReference; lastKnownFileType = sourcecode.swift; path = "Double+Extension.swift"; sourceTree = "<group>"; };
		800F8044270B8C4D00A118F6 /* SettingsTableViewController.swift */ = {isa = PBXFileReference; lastKnownFileType = sourcecode.swift; name = SettingsTableViewController.swift; path = "Live Weather/ViewControllers/SettingsTableViewController.swift"; sourceTree = SOURCE_ROOT; };
		800F8046270B8CDE00A118F6 /* SettingsViewModel.swift */ = {isa = PBXFileReference; lastKnownFileType = sourcecode.swift; path = SettingsViewModel.swift; sourceTree = "<group>"; };
		801052D3271DD425007CC5A7 /* BindingTextField.swift */ = {isa = PBXFileReference; lastKnownFileType = sourcecode.swift; path = BindingTextField.swift; sourceTree = "<group>"; };
		801052D5271DD7E6007CC5A7 /* AddCityViewModel.swift */ = {isa = PBXFileReference; lastKnownFileType = sourcecode.swift; path = AddCityViewModel.swift; sourceTree = "<group>"; };
		8065A11026DEB64F00C55537 /* Live Weather.app */ = {isa = PBXFileReference; explicitFileType = wrapper.application; includeInIndex = 0; path = "Live Weather.app"; sourceTree = BUILT_PRODUCTS_DIR; };
		8065A11326DEB64F00C55537 /* AppDelegate.swift */ = {isa = PBXFileReference; lastKnownFileType = sourcecode.swift; path = AppDelegate.swift; sourceTree = "<group>"; };
		8065A11A26DEB64F00C55537 /* Base */ = {isa = PBXFileReference; lastKnownFileType = file.storyboard; name = Base; path = Base.lproj/Main.storyboard; sourceTree = "<group>"; };
		8065A11C26DEB65000C55537 /* Assets.xcassets */ = {isa = PBXFileReference; lastKnownFileType = folder.assetcatalog; path = Assets.xcassets; sourceTree = "<group>"; };
		8065A11F26DEB65000C55537 /* Base */ = {isa = PBXFileReference; lastKnownFileType = file.storyboard; name = Base; path = Base.lproj/LaunchScreen.storyboard; sourceTree = "<group>"; };
		8065A12126DEB65000C55537 /* Info.plist */ = {isa = PBXFileReference; lastKnownFileType = text.plist.xml; path = Info.plist; sourceTree = "<group>"; };
		808733F826E6A27E00683ADE /* WeatherTableViewController.swift */ = {isa = PBXFileReference; lastKnownFileType = sourcecode.swift; path = WeatherTableViewController.swift; sourceTree = "<group>"; };
		808733FA26E6A32A00683ADE /* AddCityViewController.swift */ = {isa = PBXFileReference; lastKnownFileType = sourcecode.swift; path = AddCityViewController.swift; sourceTree = "<group>"; };
		808733FD26E6A64D00683ADE /* WeatherTableViewCell.swift */ = {isa = PBXFileReference; lastKnownFileType = sourcecode.swift; path = WeatherTableViewCell.swift; sourceTree = "<group>"; };
		808A674E27077F250096B2AC /* Constants.swift */ = {isa = PBXFileReference; lastKnownFileType = sourcecode.swift; path = Constants.swift; sourceTree = "<group>"; };
		808A675127077FD20096B2AC /* String+Extension.swift */ = {isa = PBXFileReference; lastKnownFileType = sourcecode.swift; path = "String+Extension.swift"; sourceTree = "<group>"; };
		808A6753270783B70096B2AC /* WeatherListViewModel.swift */ = {isa = PBXFileReference; lastKnownFileType = sourcecode.swift; path = WeatherListViewModel.swift; sourceTree = "<group>"; };
		8096C13C270721D20089E663 /* Weather.swift */ = {isa = PBXFileReference; lastKnownFileType = sourcecode.swift; path = Weather.swift; sourceTree = "<group>"; };
		8096C13F270724C40089E663 /* AddWeatherViewModel.swift */ = {isa = PBXFileReference; lastKnownFileType = sourcecode.swift; path = AddWeatherViewModel.swift; sourceTree = "<group>"; };
		80ACD9C626F0BC72004393F0 /* WebService.swift */ = {isa = PBXFileReference; lastKnownFileType = sourcecode.swift; path = WebService.swift; sourceTree = "<group>"; };
/* End PBXFileReference section */

/* Begin PBXFrameworksBuildPhase section */
		8065A10D26DEB64F00C55537 /* Frameworks */ = {
			isa = PBXFrameworksBuildPhase;
			buildActionMask = 2147483647;
			files = (
			);
			runOnlyForDeploymentPostprocessing = 0;
		};
/* End PBXFrameworksBuildPhase section */

/* Begin PBXGroup section */
		801052D2271DD3EB007CC5A7 /* Custom Controls */ = {
			isa = PBXGroup;
			children = (
				801052D3271DD425007CC5A7 /* BindingTextField.swift */,
			);
			path = "Custom Controls";
			sourceTree = "<group>";
		};
		8065A10726DEB64F00C55537 = {
			isa = PBXGroup;
			children = (
				8065A11226DEB64F00C55537 /* Live Weather */,
				8065A11126DEB64F00C55537 /* Products */,
			);
			sourceTree = "<group>";
		};
		8065A11126DEB64F00C55537 /* Products */ = {
			isa = PBXGroup;
			children = (
				8065A11026DEB64F00C55537 /* Live Weather.app */,
			);
			name = Products;
			sourceTree = "<group>";
		};
		8065A11226DEB64F00C55537 /* Live Weather */ = {
			isa = PBXGroup;
			children = (
				801052D2271DD3EB007CC5A7 /* Custom Controls */,
				808A675027077FA50096B2AC /* Extension */,
				808A674D27077EFD0096B2AC /* Utils */,
				8096C13E270724A70089E663 /* ViewModel */,
				8096C13B270721B90089E663 /* Models */,
				80ACD9C526F0BC46004393F0 /* WebService */,
				808733FC26E6A63000683ADE /* Cell */,
				8065A12726DEB94400C55537 /* ViewControllers */,
				8065A11326DEB64F00C55537 /* AppDelegate.swift */,
				8065A11926DEB64F00C55537 /* Main.storyboard */,
				8065A11C26DEB65000C55537 /* Assets.xcassets */,
				8065A11E26DEB65000C55537 /* LaunchScreen.storyboard */,
				8065A12126DEB65000C55537 /* Info.plist */,
			);
			path = "Live Weather";
			sourceTree = "<group>";
		};
		8065A12726DEB94400C55537 /* ViewControllers */ = {
			isa = PBXGroup;
			children = (
				800F8044270B8C4D00A118F6 /* SettingsTableViewController.swift */,
				808733F826E6A27E00683ADE /* WeatherTableViewController.swift */,
				808733FA26E6A32A00683ADE /* AddCityViewController.swift */,
			);
			path = ViewControllers;
			sourceTree = "<group>";
		};
		808733FC26E6A63000683ADE /* Cell */ = {
			isa = PBXGroup;
			children = (
				808733FD26E6A64D00683ADE /* WeatherTableViewCell.swift */,
			);
			path = Cell;
			sourceTree = "<group>";
		};
		808A674D27077EFD0096B2AC /* Utils */ = {
			isa = PBXGroup;
			children = (
				808A674E27077F250096B2AC /* Constants.swift */,
			);
			path = Utils;
			sourceTree = "<group>";
		};
		808A675027077FA50096B2AC /* Extension */ = {
			isa = PBXGroup;
			children = (
				808A675127077FD20096B2AC /* String+Extension.swift */,
				800F8042270B88A500A118F6 /* Double+Extension.swift */,
			);
			path = Extension;
			sourceTree = "<group>";
		};
		8096C13B270721B90089E663 /* Models */ = {
			isa = PBXGroup;
			children = (
				8096C13C270721D20089E663 /* Weather.swift */,
			);
			path = Models;
			sourceTree = "<group>";
		};
		8096C13E270724A70089E663 /* ViewModel */ = {
			isa = PBXGroup;
			children = (
				8096C13F270724C40089E663 /* AddWeatherViewModel.swift */,
				808A6753270783B70096B2AC /* WeatherListViewModel.swift */,
				800F8046270B8CDE00A118F6 /* SettingsViewModel.swift */,
				801052D5271DD7E6007CC5A7 /* AddCityViewModel.swift */,
			);
			path = ViewModel;
			sourceTree = "<group>";
		};
		80ACD9C526F0BC46004393F0 /* WebService */ = {
			isa = PBXGroup;
			children = (
				80ACD9C626F0BC72004393F0 /* WebService.swift */,
			);
			path = WebService;
			sourceTree = "<group>";
		};
/* End PBXGroup section */

/* Begin PBXNativeTarget section */
		8065A10F26DEB64F00C55537 /* Live Weather */ = {
			isa = PBXNativeTarget;
			buildConfigurationList = 8065A12426DEB65000C55537 /* Build configuration list for PBXNativeTarget "Live Weather" */;
			buildPhases = (
				8065A10C26DEB64F00C55537 /* Sources */,
				8065A10D26DEB64F00C55537 /* Frameworks */,
				8065A10E26DEB64F00C55537 /* Resources */,
			);
			buildRules = (
			);
			dependencies = (
			);
			name = "Live Weather";
			productName = "Live Weather";
			productReference = 8065A11026DEB64F00C55537 /* Live Weather.app */;
			productType = "com.apple.product-type.application";
		};
/* End PBXNativeTarget section */

/* Begin PBXProject section */
		8065A10826DEB64F00C55537 /* Project object */ = {
			isa = PBXProject;
			attributes = {
				BuildIndependentTargetsInParallel = 1;
				LastSwiftUpdateCheck = 1300;
				LastUpgradeCheck = 1300;
				TargetAttributes = {
					8065A10F26DEB64F00C55537 = {
						CreatedOnToolsVersion = 13.0;
					};
				};
			};
			buildConfigurationList = 8065A10B26DEB64F00C55537 /* Build configuration list for PBXProject "Live Weather" */;
			compatibilityVersion = "Xcode 13.0";
			developmentRegion = en;
			hasScannedForEncodings = 0;
			knownRegions = (
				en,
				Base,
			);
			mainGroup = 8065A10726DEB64F00C55537;
			productRefGroup = 8065A11126DEB64F00C55537 /* Products */;
			projectDirPath = "";
			projectRoot = "";
			targets = (
				8065A10F26DEB64F00C55537 /* Live Weather */,
			);
		};
/* End PBXProject section */

/* Begin PBXResourcesBuildPhase section */
		8065A10E26DEB64F00C55537 /* Resources */ = {
			isa = PBXResourcesBuildPhase;
			buildActionMask = 2147483647;
			files = (
				8065A12026DEB65000C55537 /* LaunchScreen.storyboard in Resources */,
				8065A11D26DEB65000C55537 /* Assets.xcassets in Resources */,
				8065A11B26DEB64F00C55537 /* Main.storyboard in Resources */,
			);
			runOnlyForDeploymentPostprocessing = 0;
		};
/* End PBXResourcesBuildPhase section */

/* Begin PBXSourcesBuildPhase section */
		8065A10C26DEB64F00C55537 /* Sources */ = {
			isa = PBXSourcesBuildPhase;
			buildActionMask = 2147483647;
			files = (
				808733FE26E6A64D00683ADE /* WeatherTableViewCell.swift in Sources */,
				808A675227077FD20096B2AC /* String+Extension.swift in Sources */,
				808733F926E6A27E00683ADE /* WeatherTableViewController.swift in Sources */,
				8096C140270724C40089E663 /* AddWeatherViewModel.swift in Sources */,
				808733FB26E6A32A00683ADE /* AddCityViewController.swift in Sources */,
				801052D6271DD7E6007CC5A7 /* AddCityViewModel.swift in Sources */,
				801052D4271DD425007CC5A7 /* BindingTextField.swift in Sources */,
				800F8043270B88A500A118F6 /* Double+Extension.swift in Sources */,
				80ACD9C726F0BC72004393F0 /* WebService.swift in Sources */,
				8096C13D270721D20089E663 /* Weather.swift in Sources */,
				800F8047270B8CDE00A118F6 /* SettingsViewModel.swift in Sources */,
				800F8045270B8C4D00A118F6 /* SettingsTableViewController.swift in Sources */,
				8065A11426DEB64F00C55537 /* AppDelegate.swift in Sources */,
				808A674F27077F250096B2AC /* Constants.swift in Sources */,
				808A6754270783B70096B2AC /* WeatherListViewModel.swift in Sources */,
			);
			runOnlyForDeploymentPostprocessing = 0;
		};
/* End PBXSourcesBuildPhase section */

/* Begin PBXVariantGroup section */
		8065A11926DEB64F00C55537 /* Main.storyboard */ = {
			isa = PBXVariantGroup;
			children = (
				8065A11A26DEB64F00C55537 /* Base */,
			);
			name = Main.storyboard;
			sourceTree = "<group>";
		};
		8065A11E26DEB65000C55537 /* LaunchScreen.storyboard */ = {
			isa = PBXVariantGroup;
			children = (
				8065A11F26DEB65000C55537 /* Base */,
			);
			name = LaunchScreen.storyboard;
			sourceTree = "<group>";
		};
/* End PBXVariantGroup section */

/* Begin XCBuildConfiguration section */
		8065A12226DEB65000C55537 /* Debug */ = {
			isa = XCBuildConfiguration;
			buildSettings = {
				ALWAYS_SEARCH_USER_PATHS = NO;
				CLANG_ANALYZER_NONNULL = YES;
				CLANG_ANALYZER_NUMBER_OBJECT_CONVERSION = YES_AGGRESSIVE;
				CLANG_CXX_LANGUAGE_STANDARD = "gnu++17";
				CLANG_CXX_LIBRARY = "libc++";
				CLANG_ENABLE_MODULES = YES;
				CLANG_ENABLE_OBJC_ARC = YES;
				CLANG_ENABLE_OBJC_WEAK = YES;
				CLANG_WARN_BLOCK_CAPTURE_AUTORELEASING = YES;
				CLANG_WARN_BOOL_CONVERSION = YES;
				CLANG_WARN_COMMA = YES;
				CLANG_WARN_CONSTANT_CONVERSION = YES;
				CLANG_WARN_DEPRECATED_OBJC_IMPLEMENTATIONS = YES;
				CLANG_WARN_DIRECT_OBJC_ISA_USAGE = YES_ERROR;
				CLANG_WARN_DOCUMENTATION_COMMENTS = YES;
				CLANG_WARN_EMPTY_BODY = YES;
				CLANG_WARN_ENUM_CONVERSION = YES;
				CLANG_WARN_INFINITE_RECURSION = YES;
				CLANG_WARN_INT_CONVERSION = YES;
				CLANG_WARN_NON_LITERAL_NULL_CONVERSION = YES;
				CLANG_WARN_OBJC_IMPLICIT_RETAIN_SELF = YES;
				CLANG_WARN_OBJC_LITERAL_CONVERSION = YES;
				CLANG_WARN_OBJC_ROOT_CLASS = YES_ERROR;
				CLANG_WARN_QUOTED_INCLUDE_IN_FRAMEWORK_HEADER = YES;
				CLANG_WARN_RANGE_LOOP_ANALYSIS = YES;
				CLANG_WARN_STRICT_PROTOTYPES = YES;
				CLANG_WARN_SUSPICIOUS_MOVE = YES;
				CLANG_WARN_UNGUARDED_AVAILABILITY = YES_AGGRESSIVE;
				CLANG_WARN_UNREACHABLE_CODE = YES;
				CLANG_WARN__DUPLICATE_METHOD_MATCH = YES;
				COPY_PHASE_STRIP = NO;
				DEBUG_INFORMATION_FORMAT = dwarf;
				ENABLE_STRICT_OBJC_MSGSEND = YES;
				ENABLE_TESTABILITY = YES;
				GCC_C_LANGUAGE_STANDARD = gnu11;
				GCC_DYNAMIC_NO_PIC = NO;
				GCC_NO_COMMON_BLOCKS = YES;
				GCC_OPTIMIZATION_LEVEL = 0;
				GCC_PREPROCESSOR_DEFINITIONS = (
					"DEBUG=1",
					"$(inherited)",
				);
				GCC_WARN_64_TO_32_BIT_CONVERSION = YES;
				GCC_WARN_ABOUT_RETURN_TYPE = YES_ERROR;
				GCC_WARN_UNDECLARED_SELECTOR = YES;
				GCC_WARN_UNINITIALIZED_AUTOS = YES_AGGRESSIVE;
				GCC_WARN_UNUSED_FUNCTION = YES;
				GCC_WARN_UNUSED_VARIABLE = YES;
				IPHONEOS_DEPLOYMENT_TARGET = 15.0;
				MTL_ENABLE_DEBUG_INFO = INCLUDE_SOURCE;
				MTL_FAST_MATH = YES;
				ONLY_ACTIVE_ARCH = YES;
				SDKROOT = iphoneos;
				SWIFT_ACTIVE_COMPILATION_CONDITIONS = DEBUG;
				SWIFT_OPTIMIZATION_LEVEL = "-Onone";
			};
			name = Debug;
		};
		8065A12326DEB65000C55537 /* Release */ = {
			isa = XCBuildConfiguration;
			buildSettings = {
				ALWAYS_SEARCH_USER_PATHS = NO;
				CLANG_ANALYZER_NONNULL = YES;
				CLANG_ANALYZER_NUMBER_OBJECT_CONVERSION = YES_AGGRESSIVE;
				CLANG_CXX_LANGUAGE_STANDARD = "gnu++17";
				CLANG_CXX_LIBRARY = "libc++";
				CLANG_ENABLE_MODULES = YES;
				CLANG_ENABLE_OBJC_ARC = YES;
				CLANG_ENABLE_OBJC_WEAK = YES;
				CLANG_WARN_BLOCK_CAPTURE_AUTORELEASING = YES;
				CLANG_WARN_BOOL_CONVERSION = YES;
				CLANG_WARN_COMMA = YES;
				CLANG_WARN_CONSTANT_CONVERSION = YES;
				CLANG_WARN_DEPRECATED_OBJC_IMPLEMENTATIONS = YES;
				CLANG_WARN_DIRECT_OBJC_ISA_USAGE = YES_ERROR;
				CLANG_WARN_DOCUMENTATION_COMMENTS = YES;
				CLANG_WARN_EMPTY_BODY = YES;
				CLANG_WARN_ENUM_CONVERSION = YES;
				CLANG_WARN_INFINITE_RECURSION = YES;
				CLANG_WARN_INT_CONVERSION = YES;
				CLANG_WARN_NON_LITERAL_NULL_CONVERSION = YES;
				CLANG_WARN_OBJC_IMPLICIT_RETAIN_SELF = YES;
				CLANG_WARN_OBJC_LITERAL_CONVERSION = YES;
				CLANG_WARN_OBJC_ROOT_CLASS = YES_ERROR;
				CLANG_WARN_QUOTED_INCLUDE_IN_FRAMEWORK_HEADER = YES;
				CLANG_WARN_RANGE_LOOP_ANALYSIS = YES;
				CLANG_WARN_STRICT_PROTOTYPES = YES;
				CLANG_WARN_SUSPICIOUS_MOVE = YES;
				CLANG_WARN_UNGUARDED_AVAILABILITY = YES_AGGRESSIVE;
				CLANG_WARN_UNREACHABLE_CODE = YES;
				CLANG_WARN__DUPLICATE_METHOD_MATCH = YES;
				COPY_PHASE_STRIP = NO;
				DEBUG_INFORMATION_FORMAT = "dwarf-with-dsym";
				ENABLE_NS_ASSERTIONS = NO;
				ENABLE_STRICT_OBJC_MSGSEND = YES;
				GCC_C_LANGUAGE_STANDARD = gnu11;
				GCC_NO_COMMON_BLOCKS = YES;
				GCC_WARN_64_TO_32_BIT_CONVERSION = YES;
				GCC_WARN_ABOUT_RETURN_TYPE = YES_ERROR;
				GCC_WARN_UNDECLARED_SELECTOR = YES;
				GCC_WARN_UNINITIALIZED_AUTOS = YES_AGGRESSIVE;
				GCC_WARN_UNUSED_FUNCTION = YES;
				GCC_WARN_UNUSED_VARIABLE = YES;
				IPHONEOS_DEPLOYMENT_TARGET = 15.0;
				MTL_ENABLE_DEBUG_INFO = NO;
				MTL_FAST_MATH = YES;
				SDKROOT = iphoneos;
				SWIFT_COMPILATION_MODE = wholemodule;
				SWIFT_OPTIMIZATION_LEVEL = "-O";
				VALIDATE_PRODUCT = YES;
			};
			name = Release;
		};
		8065A12526DEB65000C55537 /* Debug */ = {
			isa = XCBuildConfiguration;
			buildSettings = {
				ASSETCATALOG_COMPILER_APPICON_NAME = AppIcon;
				ASSETCATALOG_COMPILER_GLOBAL_ACCENT_COLOR_NAME = AccentColor;
				CODE_SIGN_IDENTITY = "iPhone Developer";
				CODE_SIGN_STYLE = Manual;
				CURRENT_PROJECT_VERSION = 1;
				DEVELOPMENT_TEAM = 58276BW4M9;
				GENERATE_INFOPLIST_FILE = YES;
				INFOPLIST_FILE = "Live Weather/Info.plist";
				INFOPLIST_KEY_UIApplicationSupportsIndirectInputEvents = YES;
				INFOPLIST_KEY_UILaunchStoryboardName = LaunchScreen;
				INFOPLIST_KEY_UIMainStoryboardFile = Main;
				INFOPLIST_KEY_UISupportedInterfaceOrientations_iPad = "UIInterfaceOrientationPortrait UIInterfaceOrientationPortraitUpsideDown UIInterfaceOrientationLandscapeLeft UIInterfaceOrientationLandscapeRight";
				INFOPLIST_KEY_UISupportedInterfaceOrientations_iPhone = "UIInterfaceOrientationPortrait UIInterfaceOrientationLandscapeLeft UIInterfaceOrientationLandscapeRight";
				IPHONEOS_DEPLOYMENT_TARGET = 14.0;
				LD_RUNPATH_SEARCH_PATHS = (
					"$(inherited)",
					"@executable_path/Frameworks",
				);
				MARKETING_VERSION = 1.0;
				PRODUCT_BUNDLE_IDENTIFIER = "Nouman.Live-Weather";
				PRODUCT_NAME = "$(TARGET_NAME)";
				PROVISIONING_PROFILE_SPECIFIER = SwordPPDeFiles;
				SWIFT_EMIT_LOC_STRINGS = YES;
				SWIFT_VERSION = 5.0;
				TARGETED_DEVICE_FAMILY = "1,2";
			};
			name = Debug;
		};
		8065A12626DEB65000C55537 /* Release */ = {
			isa = XCBuildConfiguration;
			buildSettings = {
				ASSETCATALOG_COMPILER_APPICON_NAME = AppIcon;
				ASSETCATALOG_COMPILER_GLOBAL_ACCENT_COLOR_NAME = AccentColor;
				CODE_SIGN_IDENTITY = "iPhone Developer";
				CODE_SIGN_STYLE = Manual;
				CURRENT_PROJECT_VERSION = 1;
				DEVELOPMENT_TEAM = 58276BW4M9;
				GENERATE_INFOPLIST_FILE = YES;
				INFOPLIST_FILE = "Live Weather/Info.plist";
				INFOPLIST_KEY_UIApplicationSupportsIndirectInputEvents = YES;
				INFOPLIST_KEY_UILaunchStoryboardName = LaunchScreen;
				INFOPLIST_KEY_UIMainStoryboardFile = Main;
				INFOPLIST_KEY_UISupportedInterfaceOrientations_iPad = "UIInterfaceOrientationPortrait UIInterfaceOrientationPortraitUpsideDown UIInterfaceOrientationLandscapeLeft UIInterfaceOrientationLandscapeRight";
				INFOPLIST_KEY_UISupportedInterfaceOrientations_iPhone = "UIInterfaceOrientationPortrait UIInterfaceOrientationLandscapeLeft UIInterfaceOrientationLandscapeRight";
				IPHONEOS_DEPLOYMENT_TARGET = 14.0;
				LD_RUNPATH_SEARCH_PATHS = (
					"$(inherited)",
					"@executable_path/Frameworks",
				);
				MARKETING_VERSION = 1.0;
				PRODUCT_BUNDLE_IDENTIFIER = "Nouman.Live-Weather";
				PRODUCT_NAME = "$(TARGET_NAME)";
				PROVISIONING_PROFILE_SPECIFIER = SwordPPDeFiles;
				SWIFT_EMIT_LOC_STRINGS = YES;
				SWIFT_VERSION = 5.0;
				TARGETED_DEVICE_FAMILY = "1,2";
			};
			name = Release;
		};
/* End XCBuildConfiguration section */

/* Begin XCConfigurationList section */
		8065A10B26DEB64F00C55537 /* Build configuration list for PBXProject "Live Weather" */ = {
			isa = XCConfigurationList;
			buildConfigurations = (
				8065A12226DEB65000C55537 /* Debug */,
				8065A12326DEB65000C55537 /* Release */,
			);
			defaultConfigurationIsVisible = 0;
			defaultConfigurationName = Release;
		};
		8065A12426DEB65000C55537 /* Build configuration list for PBXNativeTarget "Live Weather" */ = {
			isa = XCConfigurationList;
			buildConfigurations = (
				8065A12526DEB65000C55537 /* Debug */,
				8065A12626DEB65000C55537 /* Release */,
			);
			defaultConfigurationIsVisible = 0;
			defaultConfigurationName = Release;
		};
/* End XCConfigurationList section */
	};
	rootObject = 8065A10826DEB64F00C55537 /* Project object */;
}
